
Microsoft Visual Studio Solution File, Format Version 12.00
# Visual Studio Version 17
VisualStudioVersion = 17.14.36623.8 d17.14
MinimumVisualStudioVersion = 10.0.40219.1
Project("{FAE04EC0-301F-11D3-BF4B-00C04F79EFBC}") = "Logging", "Logging.csproj", "{B08F5981-0C81-417C-87BE-38498EC17B7D}"
EndProject
Global
	GlobalSection(SolutionConfigurationPlatforms) = preSolution
		Debug|Any CPU = Debug|Any CPU
		Release|Any CPU = Release|Any CPU
	EndGlobalSection
	GlobalSection(ProjectConfigurationPlatforms) = postSolution
		{B08F5981-0C81-417C-87BE-38498EC17B7D}.Debug|Any CPU.ActiveCfg = Debug|Any CPU
		{B08F5981-0C81-417C-87BE-38498EC17B7D}.Debug|Any CPU.Build.0 = Debug|Any CPU
		{B08F5981-0C81-417C-87BE-38498EC17B7D}.Release|Any CPU.ActiveCfg = Release|Any CPU
		{B08F5981-0C81-417C-87BE-38498EC17B7D}.Release|Any CPU.Build.0 = Release|Any CPU
	EndGlobalSection
	GlobalSection(SolutionProperties) = preSolution
		HideSolutionNode = FALSE
	EndGlobalSection
	GlobalSection(ExtensibilityGlobals) = postSolution
		SolutionGuid = {CCF3A4D9-E330-4EBD-ABFB-206A4FBE4552}
	EndGlobalSection
EndGlobal
