
Microsoft Visual Studio Solution File, Format Version 12.00
# Visual Studio Version 17
VisualStudioVersion = 17.14.36623.8 d17.14
MinimumVisualStudioVersion = 10.0.40219.1
Project("{FAE04EC0-301F-11D3-BF4B-00C04F79EFBC}") = "CryptographyExtensions", "CryptographyExtensions.csproj", "{6BB46617-F9E6-4AF5-A062-74B6AACFF527}"
EndProject
Global
	GlobalSection(SolutionConfigurationPlatforms) = preSolution
		Debug|Any CPU = Debug|Any CPU
		Release|Any CPU = Release|Any CPU
	EndGlobalSection
	GlobalSection(ProjectConfigurationPlatforms) = postSolution
		{6BB46617-F9E6-4AF5-A062-74B6AACFF527}.Debug|Any CPU.ActiveCfg = Debug|Any CPU
		{6BB46617-F9E6-4AF5-A062-74B6AACFF527}.Debug|Any CPU.Build.0 = Debug|Any CPU
		{6BB46617-F9E6-4AF5-A062-74B6AACFF527}.Release|Any CPU.ActiveCfg = Release|Any CPU
		{6BB46617-F9E6-4AF5-A062-74B6AACFF527}.Release|Any CPU.Build.0 = Release|Any CPU
	EndGlobalSection
	GlobalSection(SolutionProperties) = preSolution
		HideSolutionNode = FALSE
	EndGlobalSection
	GlobalSection(ExtensibilityGlobals) = postSolution
		SolutionGuid = {A6F52E82-6014-4041-862E-8CFDE64588EF}
	EndGlobalSection
EndGlobal
