
Microsoft Visual Studio Solution File, Format Version 12.00
# Visual Studio Version 17
VisualStudioVersion = 17.14.36623.8
MinimumVisualStudioVersion = 10.0.40219.1
Project("{FAE04EC0-301F-11D3-BF4B-00C04F79EFBC}") = "DVLD-BusinessLayer", "F:\DVLD-PresentationLayer\DVLD-BusinessLayer\DVLD-BusinessLayer.csproj", "{447C9492-5213-4B53-B99F-63D8CDEF1CA8}"
EndProject
Global
	GlobalSection(SolutionConfigurationPlatforms) = preSolution
		Debug|Any CPU = Debug|Any CPU
		Release|Any CPU = Release|Any CPU
	EndGlobalSection
	GlobalSection(ProjectConfigurationPlatforms) = postSolution
		{447C9492-5213-4B53-B99F-63D8CDEF1CA8}.Debug|Any CPU.ActiveCfg = Debug|Any CPU
		{447C9492-5213-4B53-B99F-63D8CDEF1CA8}.Debug|Any CPU.Build.0 = Debug|Any CPU
		{447C9492-5213-4B53-B99F-63D8CDEF1CA8}.Release|Any CPU.ActiveCfg = Release|Any CPU
		{447C9492-5213-4B53-B99F-63D8CDEF1CA8}.Release|Any CPU.Build.0 = Release|Any CPU
	EndGlobalSection
	GlobalSection(SolutionProperties) = preSolution
		HideSolutionNode = FALSE
	EndGlobalSection
	GlobalSection(ExtensibilityGlobals) = postSolution
		SolutionGuid = {85E9A0DD-4D34-44BA-B77E-27809BF73E3A}
	EndGlobalSection
EndGlobal
